
Microsoft Visual Studio Solution File, Format Version 12.00
# Visual Studio 15
VisualStudioVersion = 15.0.28307.168
MinimumVisualStudioVersion = 10.0.40219.1
Project("{FAE04EC0-301F-11D3-BF4B-00C04F79EFBC}") = "Application-Dashboard", "Application-Dashboard\Application-Dashboard.csproj", "{831413F0-5BCF-4264-9C23-FF7A8C9BE548}"
EndProject
Global
	GlobalSection(SolutionConfigurationPlatforms) = preSolution
		Debug|Any CPU = Debug|Any CPU
		Release|Any CPU = Release|Any CPU
	EndGlobalSection
	GlobalSection(ProjectConfigurationPlatforms) = postSolution
		{831413F0-5BCF-4264-9C23-FF7A8C9BE548}.Debug|Any CPU.ActiveCfg = Debug|Any CPU
		{831413F0-5BCF-4264-9C23-FF7A8C9BE548}.Debug|Any CPU.Build.0 = Debug|Any CPU
		{831413F0-5BCF-4264-9C23-FF7A8C9BE548}.Release|Any CPU.ActiveCfg = Release|Any CPU
		{831413F0-5BCF-4264-9C23-FF7A8C9BE548}.Release|Any CPU.Build.0 = Release|Any CPU
	EndGlobalSection
	GlobalSection(SolutionProperties) = preSolution
		HideSolutionNode = FALSE
	EndGlobalSection
	GlobalSection(ExtensibilityGlobals) = postSolution
		SolutionGuid = {356CA97A-E849-47CE-8F36-3C140EBE3F11}
	EndGlobalSection
EndGlobal
